
Microsoft Visual Studio Solution File, Format Version 12.00
# Visual Studio 15
VisualStudioVersion = 15.0.27703.2035
MinimumVisualStudioVersion = 10.0.40219.1
Project("{9A19103F-16F7-4668-BE54-9A1E7A4F7556}") = "PartyBot", "PartyBot\PartyBot.csproj", "{D8F8E3AA-8B1E-4DC7-9D35-6B82E822B43F}"
EndProject
Global
	GlobalSection(SolutionConfigurationPlatforms) = preSolution
		Debug|Any CPU = Debug|Any CPU
		Release|Any CPU = Release|Any CPU
	EndGlobalSection
	GlobalSection(ProjectConfigurationPlatforms) = postSolution
		{D8F8E3AA-8B1E-4DC7-9D35-6B82E822B43F}.Debug|Any CPU.ActiveCfg = Debug|Any CPU
		{D8F8E3AA-8B1E-4DC7-9D35-6B82E822B43F}.Debug|Any CPU.Build.0 = Debug|Any CPU
		{D8F8E3AA-8B1E-4DC7-9D35-6B82E822B43F}.Release|Any CPU.ActiveCfg = Release|Any CPU
		{D8F8E3AA-8B1E-4DC7-9D35-6B82E822B43F}.Release|Any CPU.Build.0 = Release|Any CPU
	EndGlobalSection
	GlobalSection(SolutionProperties) = preSolution
		HideSolutionNode = FALSE
	EndGlobalSection
	GlobalSection(ExtensibilityGlobals) = postSolution
		SolutionGuid = {8E5E9A14-6DB2-4C80-B603-4712DB9057BB}
	EndGlobalSection
EndGlobal
